
Microsoft Visual Studio Solution File, Format Version 12.00
# Visual Studio Version 17
VisualStudioVersion = 17.7.34031.279
MinimumVisualStudioVersion = 10.0.40219.1
Project("{FAE04EC0-301F-11D3-BF4B-00C04F79EFBC}") = "ConsoleApp10", "ConsoleApp10\ConsoleApp10.csproj", "{6B9B2075-E6A9-4380-AAA4-6BF66D165A24}"
EndProject
Global
	GlobalSection(SolutionConfigurationPlatforms) = preSolution
		Debug|Any CPU = Debug|Any CPU
		Release|Any CPU = Release|Any CPU
	EndGlobalSection
	GlobalSection(ProjectConfigurationPlatforms) = postSolution
		{6B9B2075-E6A9-4380-AAA4-6BF66D165A24}.Debug|Any CPU.ActiveCfg = Debug|Any CPU
		{6B9B2075-E6A9-4380-AAA4-6BF66D165A24}.Debug|Any CPU.Build.0 = Debug|Any CPU
		{6B9B2075-E6A9-4380-AAA4-6BF66D165A24}.Release|Any CPU.ActiveCfg = Release|Any CPU
		{6B9B2075-E6A9-4380-AAA4-6BF66D165A24}.Release|Any CPU.Build.0 = Release|Any CPU
	EndGlobalSection
	GlobalSection(SolutionProperties) = preSolution
		HideSolutionNode = FALSE
	EndGlobalSection
	GlobalSection(ExtensibilityGlobals) = postSolution
		SolutionGuid = {AAFF4512-F049-44D6-A397-3E7675EE106A}
	EndGlobalSection
EndGlobal
